// !$*UTF8*$!
{
	archiveVersion = 1;
	classes = {
	};
	objectVersion = 77;
	objects = {

/* Begin PBXContainerItemProxy section */
		A7E8C9412D41ADBA00EEDCF4 /* PBXContainerItemProxy */ = {
			isa = PBXContainerItemProxy;
			containerPortal = A7E8C9232D41ADB900EEDCF4 /* Project object */;
			proxyType = 1;
			remoteGlobalIDString = A7E8C92A2D41ADB900EEDCF4;
			remoteInfo = MagicPaper;
		};
		A7E8C94B2D41ADBA00EEDCF4 /* PBXContainerItemProxy */ = {
			isa = PBXContainerItemProxy;
			containerPortal = A7E8C9232D41ADB900EEDCF4 /* Project object */;
			proxyType = 1;
			remoteGlobalIDString = A7E8C92A2D41ADB900EEDCF4;
			remoteInfo = MagicPaper;
		};
/* End PBXContainerItemProxy section */

/* Begin PBXFileReference section */
		A7E8C92B2D41ADB900EEDCF4 /* MagicPaper.app */ = {isa = PBXFileReference; explicitFileType = wrapper.application; includeInIndex = 0; path = MagicPaper.app; sourceTree = BUILT_PRODUCTS_DIR; };
		A7E8C9402D41ADBA00EEDCF4 /* MagicPaperTests.xctest */ = {isa = PBXFileReference; explicitFileType = wrapper.cfbundle; includeInIndex = 0; path = MagicPaperTests.xctest; sourceTree = BUILT_PRODUCTS_DIR; };
		A7E8C94A2D41ADBA00EEDCF4 /* MagicPaperUITests.xctest */ = {isa = PBXFileReference; explicitFileType = wrapper.cfbundle; includeInIndex = 0; path = MagicPaperUITests.xctest; sourceTree = BUILT_PRODUCTS_DIR; };
/* End PBXFileReference section */

/* Begin PBXFileSystemSynchronizedRootGroup section */
		A7E8C92D2D41ADB900EEDCF4 /* MagicPaper */ = {
			isa = PBXFileSystemSynchronizedRootGroup;
			path = MagicPaper;
			sourceTree = "<group>";
		};
		A7E8C9432D41ADBA00EEDCF4 /* MagicPaperTests */ = {
			isa = PBXFileSystemSynchronizedRootGroup;
			path = MagicPaperTests;
			sourceTree = "<group>";
		};
		A7E8C94D2D41ADBA00EEDCF4 /* MagicPaperUITests */ = {
			isa = PBXFileSystemSynchronizedRootGroup;
			path = MagicPaperUITests;
			sourceTree = "<group>";
		};
/* End PBXFileSystemSynchronizedRootGroup section */

/* Begin PBXFrameworksBuildPhase section */
		A7E8C9282D41ADB900EEDCF4 /* Frameworks */ = {
			isa = PBXFrameworksBuildPhase;
			buildActionMask = 2147483647;
			files = (
			);
			runOnlyForDeploymentPostprocessing = 0;
		};
		A7E8C93D2D41ADBA00EEDCF4 /* Frameworks */ = {
			isa = PBXFrameworksBuildPhase;
			buildActionMask = 2147483647;
			files = (
			);
			runOnlyForDeploymentPostprocessing = 0;
		};
		A7E8C9472D41ADBA00EEDCF4 /* Frameworks */ = {
			isa = PBXFrameworksBuildPhase;
			buildActionMask = 2147483647;
			files = (
			);
			runOnlyForDeploymentPostprocessing = 0;
		};
/* End PBXFrameworksBuildPhase section */

/* Begin PBXGroup section */
		A7E8C9222D41ADB900EEDCF4 = {
			isa = PBXGroup;
			children = (
				A7E8C92D2D41ADB900EEDCF4 /* MagicPaper */,
				A7E8C9432D41ADBA00EEDCF4 /* MagicPaperTests */,
				A7E8C94D2D41ADBA00EEDCF4 /* MagicPaperUITests */,
				A7E8C92C2D41ADB900EEDCF4 /* Products */,
			);
			sourceTree = "<group>";
		};
		A7E8C92C2D41ADB900EEDCF4 /* Products */ = {
			isa = PBXGroup;
			children = (
				A7E8C92B2D41ADB900EEDCF4 /* MagicPaper.app */,
				A7E8C9402D41ADBA00EEDCF4 /* MagicPaperTests.xctest */,
				A7E8C94A2D41ADBA00EEDCF4 /* MagicPaperUITests.xctest */,
			);
			name = Products;
			sourceTree = "<group>";
		};
/* End PBXGroup section */

/* Begin PBXNativeTarget section */
		A7E8C92A2D41ADB900EEDCF4 /* MagicPaper */ = {
			isa = PBXNativeTarget;
			buildConfigurationList = A7E8C9542D41ADBA00EEDCF4 /* Build configuration list for PBXNativeTarget "MagicPaper" */;
			buildPhases = (
				A7E8C9272D41ADB900EEDCF4 /* Sources */,
				A7E8C9282D41ADB900EEDCF4 /* Frameworks */,
				A7E8C9292D41ADB900EEDCF4 /* Resources */,
			);
			buildRules = (
			);
			dependencies = (
			);
			fileSystemSynchronizedGroups = (
				A7E8C92D2D41ADB900EEDCF4 /* MagicPaper */,
			);
			name = MagicPaper;
			packageProductDependencies = (
			);
			productName = MagicPaper;
			productReference = A7E8C92B2D41ADB900EEDCF4 /* MagicPaper.app */;
			productType = "com.apple.product-type.application";
		};
		A7E8C93F2D41ADBA00EEDCF4 /* MagicPaperTests */ = {
			isa = PBXNativeTarget;
			buildConfigurationList = A7E8C9572D41ADBA00EEDCF4 /* Build configuration list for PBXNativeTarget "MagicPaperTests" */;
			buildPhases = (
				A7E8C93C2D41ADBA00EEDCF4 /* Sources */,
				A7E8C93D2D41ADBA00EEDCF4 /* Frameworks */,
				A7E8C93E2D41ADBA00EEDCF4 /* Resources */,
			);
			buildRules = (
			);
			dependencies = (
				A7E8C9422D41ADBA00EEDCF4 /* PBXTargetDependency */,
			);
			fileSystemSynchronizedGroups = (
				A7E8C9432D41ADBA00EEDCF4 /* MagicPaperTests */,
			);
			name = MagicPaperTests;
			packageProductDependencies = (
			);
			productName = MagicPaperTests;
			productReference = A7E8C9402D41ADBA00EEDCF4 /* MagicPaperTests.xctest */;
			productType = "com.apple.product-type.bundle.unit-test";
		};
		A7E8C9492D41ADBA00EEDCF4 /* MagicPaperUITests */ = {
			isa = PBXNativeTarget;
			buildConfigurationList = A7E8C95A2D41ADBA00EEDCF4 /* Build configuration list for PBXNativeTarget "MagicPaperUITests" */;
			buildPhases = (
				A7E8C9462D41ADBA00EEDCF4 /* Sources */,
				A7E8C9472D41ADBA00EEDCF4 /* Frameworks */,
				A7E8C9482D41ADBA00EEDCF4 /* Resources */,
			);
			buildRules = (
			);
			dependencies = (
				A7E8C94C2D41ADBA00EEDCF4 /* PBXTargetDependency */,
			);
			fileSystemSynchronizedGroups = (
				A7E8C94D2D41ADBA00EEDCF4 /* MagicPaperUITests */,
			);
			name = MagicPaperUITests;
			packageProductDependencies = (
			);
			productName = MagicPaperUITests;
			productReference = A7E8C94A2D41ADBA00EEDCF4 /* MagicPaperUITests.xctest */;
			productType = "com.apple.product-type.bundle.ui-testing";
		};
/* End PBXNativeTarget section */

/* Begin PBXProject section */
		A7E8C9232D41ADB900EEDCF4 /* Project object */ = {
			isa = PBXProject;
			attributes = {
				BuildIndependentTargetsInParallel = 1;
				LastSwiftUpdateCheck = 1620;
				LastUpgradeCheck = 1620;
				TargetAttributes = {
					A7E8C92A2D41ADB900EEDCF4 = {
						CreatedOnToolsVersion = 16.2;
					};
					A7E8C93F2D41ADBA00EEDCF4 = {
						CreatedOnToolsVersion = 16.2;
						TestTargetID = A7E8C92A2D41ADB900EEDCF4;
					};
					A7E8C9492D41ADBA00EEDCF4 = {
						CreatedOnToolsVersion = 16.2;
						TestTargetID = A7E8C92A2D41ADB900EEDCF4;
					};
				};
			};
			buildConfigurationList = A7E8C9262D41ADB900EEDCF4 /* Build configuration list for PBXProject "MagicPaper" */;
			developmentRegion = en;
			hasScannedForEncodings = 0;
			knownRegions = (
				en,
				Base,
			);
			mainGroup = A7E8C9222D41ADB900EEDCF4;
			minimizedProjectReferenceProxies = 1;
			preferredProjectObjectVersion = 77;
			productRefGroup = A7E8C92C2D41ADB900EEDCF4 /* Products */;
			projectDirPath = "";
			projectRoot = "";
			targets = (
				A7E8C92A2D41ADB900EEDCF4 /* MagicPaper */,
				A7E8C93F2D41ADBA00EEDCF4 /* MagicPaperTests */,
				A7E8C9492D41ADBA00EEDCF4 /* MagicPaperUITests */,
			);
		};
/* End PBXProject section */

/* Begin PBXResourcesBuildPhase section */
		A7E8C9292D41ADB900EEDCF4 /* Resources */ = {
			isa = PBXResourcesBuildPhase;
			buildActionMask = 2147483647;
			files = (
			);
			runOnlyForDeploymentPostprocessing = 0;
		};
		A7E8C93E2D41ADBA00EEDCF4 /* Resources */ = {
			isa = PBXResourcesBuildPhase;
			buildActionMask = 2147483647;
			files = (
			);
			runOnlyForDeploymentPostprocessing = 0;
		};
		A7E8C9482D41ADBA00EEDCF4 /* Resources */ = {
			isa = PBXResourcesBuildPhase;
			buildActionMask = 2147483647;
			files = (
			);
			runOnlyForDeploymentPostprocessing = 0;
		};
/* End PBXResourcesBuildPhase section */

/* Begin PBXSourcesBuildPhase section */
		A7E8C9272D41ADB900EEDCF4 /* Sources */ = {
			isa = PBXSourcesBuildPhase;
			buildActionMask = 2147483647;
			files = (
			);
			runOnlyForDeploymentPostprocessing = 0;
		};
		A7E8C93C2D41ADBA00EEDCF4 /* Sources */ = {
			isa = PBXSourcesBuildPhase;
			buildActionMask = 2147483647;
			files = (
			);
			runOnlyForDeploymentPostprocessing = 0;
		};
		A7E8C9462D41ADBA00EEDCF4 /* Sources */ = {
			isa = PBXSourcesBuildPhase;
			buildActionMask = 2147483647;
			files = (
			);
			runOnlyForDeploymentPostprocessing = 0;
		};
/* End PBXSourcesBuildPhase section */

/* Begin PBXTargetDependency section */
		A7E8C9422D41ADBA00EEDCF4 /* PBXTargetDependency */ = {
			isa = PBXTargetDependency;
			target = A7E8C92A2D41ADB900EEDCF4 /* MagicPaper */;
			targetProxy = A7E8C9412D41ADBA00EEDCF4 /* PBXContainerItemProxy */;
		};
		A7E8C94C2D41ADBA00EEDCF4 /* PBXTargetDependency */ = {
			isa = PBXTargetDependency;
			target = A7E8C92A2D41ADB900EEDCF4 /* MagicPaper */;
			targetProxy = A7E8C94B2D41ADBA00EEDCF4 /* PBXContainerItemProxy */;
		};
/* End PBXTargetDependency section */

/* Begin XCBuildConfiguration section */
		A7E8C9522D41ADBA00EEDCF4 /* Debug */ = {
			isa = XCBuildConfiguration;
			buildSettings = {
				ALWAYS_SEARCH_USER_PATHS = NO;
				ASSETCATALOG_COMPILER_GENERATE_SWIFT_ASSET_SYMBOL_EXTENSIONS = YES;
				CLANG_ANALYZER_NONNULL = YES;
				CLANG_ANALYZER_NUMBER_OBJECT_CONVERSION = YES_AGGRESSIVE;
				CLANG_CXX_LANGUAGE_STANDARD = "gnu++20";
				CLANG_ENABLE_MODULES = YES;
				CLANG_ENABLE_OBJC_ARC = YES;
				CLANG_ENABLE_OBJC_WEAK = YES;
				CLANG_WARN_BLOCK_CAPTURE_AUTORELEASING = YES;
				CLANG_WARN_BOOL_CONVERSION = YES;
				CLANG_WARN_COMMA = YES;
				CLANG_WARN_CONSTANT_CONVERSION = YES;
				CLANG_WARN_DEPRECATED_OBJC_IMPLEMENTATIONS = YES;
				CLANG_WARN_DIRECT_OBJC_ISA_USAGE = YES_ERROR;
				CLANG_WARN_DOCUMENTATION_COMMENTS = YES;
				CLANG_WARN_EMPTY_BODY = YES;
				CLANG_WARN_ENUM_CONVERSION = YES;
				CLANG_WARN_INFINITE_RECURSION = YES;
				CLANG_WARN_INT_CONVERSION = YES;
				CLANG_WARN_NON_LITERAL_NULL_CONVERSION = YES;
				CLANG_WARN_OBJC_IMPLICIT_RETAIN_SELF = YES;
				CLANG_WARN_OBJC_LITERAL_CONVERSION = YES;
				CLANG_WARN_OBJC_ROOT_CLASS = YES_ERROR;
				CLANG_WARN_QUOTED_INCLUDE_IN_FRAMEWORK_HEADER = YES;
				CLANG_WARN_RANGE_LOOP_ANALYSIS = YES;
				CLANG_WARN_STRICT_PROTOTYPES = YES;
				CLANG_WARN_SUSPICIOUS_MOVE = YES;
				CLANG_WARN_UNGUARDED_AVAILABILITY = YES_AGGRESSIVE;
				CLANG_WARN_UNREACHABLE_CODE = YES;
				CLANG_WARN__DUPLICATE_METHOD_MATCH = YES;
				COPY_PHASE_STRIP = NO;
				DEBUG_INFORMATION_FORMAT = dwarf;
				ENABLE_STRICT_OBJC_MSGSEND = YES;
				ENABLE_TESTABILITY = YES;
				ENABLE_USER_SCRIPT_SANDBOXING = YES;
				GCC_C_LANGUAGE_STANDARD = gnu17;
				GCC_DYNAMIC_NO_PIC = NO;
				GCC_NO_COMMON_BLOCKS = YES;
				GCC_OPTIMIZATION_LEVEL = 0;
				GCC_PREPROCESSOR_DEFINITIONS = (
					"DEBUG=1",
					"$(inherited)",
				);
				GCC_WARN_64_TO_32_BIT_CONVERSION = YES;
				GCC_WARN_ABOUT_RETURN_TYPE = YES_ERROR;
				GCC_WARN_UNDECLARED_SELECTOR = YES;
				GCC_WARN_UNINITIALIZED_AUTOS = YES_AGGRESSIVE;
				GCC_WARN_UNUSED_FUNCTION = YES;
				GCC_WARN_UNUSED_VARIABLE = YES;
				IPHONEOS_DEPLOYMENT_TARGET = 18.2;
				LOCALIZATION_PREFERS_STRING_CATALOGS = YES;
				MTL_ENABLE_DEBUG_INFO = INCLUDE_SOURCE;
				MTL_FAST_MATH = YES;
				ONLY_ACTIVE_ARCH = YES;
				SDKROOT = iphoneos;
				SWIFT_ACTIVE_COMPILATION_CONDITIONS = "DEBUG $(inherited)";
				SWIFT_OPTIMIZATION_LEVEL = "-Onone";
			};
			name = Debug;
		};
		A7E8C9532D41ADBA00EEDCF4 /* Release */ = {
			isa = XCBuildConfiguration;
			buildSettings = {
				ALWAYS_SEARCH_USER_PATHS = NO;
				ASSETCATALOG_COMPILER_GENERATE_SWIFT_ASSET_SYMBOL_EXTENSIONS = YES;
				CLANG_ANALYZER_NONNULL = YES;
				CLANG_ANALYZER_NUMBER_OBJECT_CONVERSION = YES_AGGRESSIVE;
				CLANG_CXX_LANGUAGE_STANDARD = "gnu++20";
				CLANG_ENABLE_MODULES = YES;
				CLANG_ENABLE_OBJC_ARC = YES;
				CLANG_ENABLE_OBJC_WEAK = YES;
				CLANG_WARN_BLOCK_CAPTURE_AUTORELEASING = YES;
				CLANG_WARN_BOOL_CONVERSION = YES;
				CLANG_WARN_COMMA = YES;
				CLANG_WARN_CONSTANT_CONVERSION = YES;
				CLANG_WARN_DEPRECATED_OBJC_IMPLEMENTATIONS = YES;
				CLANG_WARN_DIRECT_OBJC_ISA_USAGE = YES_ERROR;
				CLANG_WARN_DOCUMENTATION_COMMENTS = YES;
				CLANG_WARN_EMPTY_BODY = YES;
				CLANG_WARN_ENUM_CONVERSION = YES;
				CLANG_WARN_INFINITE_RECURSION = YES;
				CLANG_WARN_INT_CONVERSION = YES;
				CLANG_WARN_NON_LITERAL_NULL_CONVERSION = YES;
				CLANG_WARN_OBJC_IMPLICIT_RETAIN_SELF = YES;
				CLANG_WARN_OBJC_LITERAL_CONVERSION = YES;
				CLANG_WARN_OBJC_ROOT_CLASS = YES_ERROR;
				CLANG_WARN_QUOTED_INCLUDE_IN_FRAMEWORK_HEADER = YES;
				CLANG_WARN_RANGE_LOOP_ANALYSIS = YES;
				CLANG_WARN_STRICT_PROTOTYPES = YES;
				CLANG_WARN_SUSPICIOUS_MOVE = YES;
				CLANG_WARN_UNGUARDED_AVAILABILITY = YES_AGGRESSIVE;
				CLANG_WARN_UNREACHABLE_CODE = YES;
				CLANG_WARN__DUPLICATE_METHOD_MATCH = YES;
				COPY_PHASE_STRIP = NO;
				DEBUG_INFORMATION_FORMAT = "dwarf-with-dsym";
				ENABLE_NS_ASSERTIONS = NO;
				ENABLE_STRICT_OBJC_MSGSEND = YES;
				ENABLE_USER_SCRIPT_SANDBOXING = YES;
				GCC_C_LANGUAGE_STANDARD = gnu17;
				GCC_NO_COMMON_BLOCKS = YES;
				GCC_WARN_64_TO_32_BIT_CONVERSION = YES;
				GCC_WARN_ABOUT_RETURN_TYPE = YES_ERROR;
				GCC_WARN_UNDECLARED_SELECTOR = YES;
				GCC_WARN_UNINITIALIZED_AUTOS = YES_AGGRESSIVE;
				GCC_WARN_UNUSED_FUNCTION = YES;
				GCC_WARN_UNUSED_VARIABLE = YES;
				IPHONEOS_DEPLOYMENT_TARGET = 18.2;
				LOCALIZATION_PREFERS_STRING_CATALOGS = YES;
				MTL_ENABLE_DEBUG_INFO = NO;
				MTL_FAST_MATH = YES;
				SDKROOT = iphoneos;
				SWIFT_COMPILATION_MODE = wholemodule;
				VALIDATE_PRODUCT = YES;
			};
			name = Release;
		};
		A7E8C9552D41ADBA00EEDCF4 /* Debug */ = {
			isa = XCBuildConfiguration;
			buildSettings = {
				ASSETCATALOG_COMPILER_APPICON_NAME = AppIcon;
				ASSETCATALOG_COMPILER_GLOBAL_ACCENT_COLOR_NAME = AccentColor;
				CODE_SIGN_STYLE = Automatic;
				CURRENT_PROJECT_VERSION = 1;
				DEVELOPMENT_TEAM = DP88U2RPU8;
				GENERATE_INFOPLIST_FILE = YES;
				INFOPLIST_KEY_NSCameraUsageDescription = "";
				INFOPLIST_KEY_UIApplicationSupportsIndirectInputEvents = YES;
				INFOPLIST_KEY_UILaunchStoryboardName = LaunchScreen;
				INFOPLIST_KEY_UIMainStoryboardFile = Main;
				INFOPLIST_KEY_UIRequiredDeviceCapabilities = arkit;
				INFOPLIST_KEY_UIStatusBarHidden = YES;
				INFOPLIST_KEY_UISupportedInterfaceOrientations_iPad = "UIInterfaceOrientationPortrait UIInterfaceOrientationPortraitUpsideDown UIInterfaceOrientationLandscapeLeft UIInterfaceOrientationLandscapeRight";
				INFOPLIST_KEY_UISupportedInterfaceOrientations_iPhone = "UIInterfaceOrientationPortrait UIInterfaceOrientationLandscapeLeft UIInterfaceOrientationLandscapeRight";
				LD_RUNPATH_SEARCH_PATHS = (
					"$(inherited)",
					"@executable_path/Frameworks",
				);
				MARKETING_VERSION = 1.0;
				PRODUCT_BUNDLE_IDENTIFIER = com.iucoding.MagicPaper;
				PRODUCT_NAME = "$(TARGET_NAME)";
				SWIFT_EMIT_LOC_STRINGS = YES;
				SWIFT_VERSION = 5.0;
				TARGETED_DEVICE_FAMILY = "1,2";
			};
			name = Debug;
		};
		A7E8C9562D41ADBA00EEDCF4 /* Release */ = {
			isa = XCBuildConfiguration;
			buildSettings = {
				ASSETCATALOG_COMPILER_APPICON_NAME = AppIcon;
				ASSETCATALOG_COMPILER_GLOBAL_ACCENT_COLOR_NAME = AccentColor;
				CODE_SIGN_STYLE = Automatic;
				CURRENT_PROJECT_VERSION = 1;
				DEVELOPMENT_TEAM = DP88U2RPU8;
				GENERATE_INFOPLIST_FILE = YES;
				INFOPLIST_KEY_NSCameraUsageDescription = "";
				INFOPLIST_KEY_UIApplicationSupportsIndirectInputEvents = YES;
				INFOPLIST_KEY_UILaunchStoryboardName = LaunchScreen;
				INFOPLIST_KEY_UIMainStoryboardFile = Main;
				INFOPLIST_KEY_UIRequiredDeviceCapabilities = arkit;
				INFOPLIST_KEY_UIStatusBarHidden = YES;
				INFOPLIST_KEY_UISupportedInterfaceOrientations_iPad = "UIInterfaceOrientationPortrait UIInterfaceOrientationPortraitUpsideDown UIInterfaceOrientationLandscapeLeft UIInterfaceOrientationLandscapeRight";
				INFOPLIST_KEY_UISupportedInterfaceOrientations_iPhone = "UIInterfaceOrientationPortrait UIInterfaceOrientationLandscapeLeft UIInterfaceOrientationLandscapeRight";
				LD_RUNPATH_SEARCH_PATHS = (
					"$(inherited)",
					"@executable_path/Frameworks",
				);
				MARKETING_VERSION = 1.0;
				PRODUCT_BUNDLE_IDENTIFIER = com.iucoding.MagicPaper;
				PRODUCT_NAME = "$(TARGET_NAME)";
				SWIFT_EMIT_LOC_STRINGS = YES;
				SWIFT_VERSION = 5.0;
				TARGETED_DEVICE_FAMILY = "1,2";
			};
			name = Release;
		};
		A7E8C9582D41ADBA00EEDCF4 /* Debug */ = {
			isa = XCBuildConfiguration;
			buildSettings = {
				BUNDLE_LOADER = "$(TEST_HOST)";
				CODE_SIGN_STYLE = Automatic;
				CURRENT_PROJECT_VERSION = 1;
				DEVELOPMENT_TEAM = DP88U2RPU8;
				GENERATE_INFOPLIST_FILE = YES;
				IPHONEOS_DEPLOYMENT_TARGET = 18.2;
				MARKETING_VERSION = 1.0;
				PRODUCT_BUNDLE_IDENTIFIER = com.iucoding.MagicPaperTests;
				PRODUCT_NAME = "$(TARGET_NAME)";
				SWIFT_EMIT_LOC_STRINGS = NO;
				SWIFT_VERSION = 5.0;
				TARGETED_DEVICE_FAMILY = "1,2";
				TEST_HOST = "$(BUILT_PRODUCTS_DIR)/MagicPaper.app/$(BUNDLE_EXECUTABLE_FOLDER_PATH)/MagicPaper";
			};
			name = Debug;
		};
		A7E8C9592D41ADBA00EEDCF4 /* Release */ = {
			isa = XCBuildConfiguration;
			buildSettings = {
				BUNDLE_LOADER = "$(TEST_HOST)";
				CODE_SIGN_STYLE = Automatic;
				CURRENT_PROJECT_VERSION = 1;
				DEVELOPMENT_TEAM = DP88U2RPU8;
				GENERATE_INFOPLIST_FILE = YES;
				IPHONEOS_DEPLOYMENT_TARGET = 18.2;
				MARKETING_VERSION = 1.0;
				PRODUCT_BUNDLE_IDENTIFIER = com.iucoding.MagicPaperTests;
				PRODUCT_NAME = "$(TARGET_NAME)";
				SWIFT_EMIT_LOC_STRINGS = NO;
				SWIFT_VERSION = 5.0;
				TARGETED_DEVICE_FAMILY = "1,2";
				TEST_HOST = "$(BUILT_PRODUCTS_DIR)/MagicPaper.app/$(BUNDLE_EXECUTABLE_FOLDER_PATH)/MagicPaper";
			};
			name = Release;
		};
		A7E8C95B2D41ADBA00EEDCF4 /* Debug */ = {
			isa = XCBuildConfiguration;
			buildSettings = {
				CODE_SIGN_STYLE = Automatic;
				CURRENT_PROJECT_VERSION = 1;
				DEVELOPMENT_TEAM = DP88U2RPU8;
				GENERATE_INFOPLIST_FILE = YES;
				MARKETING_VERSION = 1.0;
				PRODUCT_BUNDLE_IDENTIFIER = com.iucoding.MagicPaperUITests;
				PRODUCT_NAME = "$(TARGET_NAME)";
				SWIFT_EMIT_LOC_STRINGS = NO;
				SWIFT_VERSION = 5.0;
				TARGETED_DEVICE_FAMILY = "1,2";
				TEST_TARGET_NAME = MagicPaper;
			};
			name = Debug;
		};
		A7E8C95C2D41ADBA00EEDCF4 /* Release */ = {
			isa = XCBuildConfiguration;
			buildSettings = {
				CODE_SIGN_STYLE = Automatic;
				CURRENT_PROJECT_VERSION = 1;
				DEVELOPMENT_TEAM = DP88U2RPU8;
				GENERATE_INFOPLIST_FILE = YES;
				MARKETING_VERSION = 1.0;
				PRODUCT_BUNDLE_IDENTIFIER = com.iucoding.MagicPaperUITests;
				PRODUCT_NAME = "$(TARGET_NAME)";
				SWIFT_EMIT_LOC_STRINGS = NO;
				SWIFT_VERSION = 5.0;
				TARGETED_DEVICE_FAMILY = "1,2";
				TEST_TARGET_NAME = MagicPaper;
			};
			name = Release;
		};
/* End XCBuildConfiguration section */

/* Begin XCConfigurationList section */
		A7E8C9262D41ADB900EEDCF4 /* Build configuration list for PBXProject "MagicPaper" */ = {
			isa = XCConfigurationList;
			buildConfigurations = (
				A7E8C9522D41ADBA00EEDCF4 /* Debug */,
				A7E8C9532D41ADBA00EEDCF4 /* Release */,
			);
			defaultConfigurationIsVisible = 0;
			defaultConfigurationName = Release;
		};
		A7E8C9542D41ADBA00EEDCF4 /* Build configuration list for PBXNativeTarget "MagicPaper" */ = {
			isa = XCConfigurationList;
			buildConfigurations = (
				A7E8C9552D41ADBA00EEDCF4 /* Debug */,
				A7E8C9562D41ADBA00EEDCF4 /* Release */,
			);
			defaultConfigurationIsVisible = 0;
			defaultConfigurationName = Release;
		};
		A7E8C9572D41ADBA00EEDCF4 /* Build configuration list for PBXNativeTarget "MagicPaperTests" */ = {
			isa = XCConfigurationList;
			buildConfigurations = (
				A7E8C9582D41ADBA00EEDCF4 /* Debug */,
				A7E8C9592D41ADBA00EEDCF4 /* Release */,
			);
			defaultConfigurationIsVisible = 0;
			defaultConfigurationName = Release;
		};
		A7E8C95A2D41ADBA00EEDCF4 /* Build configuration list for PBXNativeTarget "MagicPaperUITests" */ = {
			isa = XCConfigurationList;
			buildConfigurations = (
				A7E8C95B2D41ADBA00EEDCF4 /* Debug */,
				A7E8C95C2D41ADBA00EEDCF4 /* Release */,
			);
			defaultConfigurationIsVisible = 0;
			defaultConfigurationName = Release;
		};
/* End XCConfigurationList section */
	};
	rootObject = A7E8C9232D41ADB900EEDCF4 /* Project object */;
}
